
Microsoft Visual Studio Solution File, Format Version 12.00
# Visual Studio 14
VisualStudioVersion = 14.0.25420.1
MinimumVisualStudioVersion = 10.0.40219.1
Project("{FAE04EC0-301F-11D3-BF4B-00C04F79EFBC}") = "LinkKS.Business", "LinkKS.Business\LinkKS.Business.csproj", "{DAB13840-F028-435E-B193-73107EE2B581}"
EndProject
Project("{FAE04EC0-301F-11D3-BF4B-00C04F79EFBC}") = "LinkKS.Test", "LinkKS.Test\LinkKS.Test.csproj", "{44374DD3-3981-4A5D-8AC4-B7866FA9975E}"
EndProject
Project("{FAE04EC0-301F-11D3-BF4B-00C04F79EFBC}") = "LinkKSServiceContract", "LinkKSServiceContract\LinkKSServiceContract.csproj", "{B8E262C8-C4EB-4315-B007-0273C96380B6}"
EndProject
Project("{FAE04EC0-301F-11D3-BF4B-00C04F79EFBC}") = "LinkKSService", "LinkKSService\LinkKSService.csproj", "{B916B5AC-BFC8-4543-9099-429268FD9CDF}"
EndProject
Project("{FAE04EC0-301F-11D3-BF4B-00C04F79EFBC}") = "LinkKS.DTO", "LinkKS.DTO\LinkKS.DTO.csproj", "{11226681-1823-4FC7-AFE9-5AC236D317DA}"
EndProject
Project("{FAE04EC0-301F-11D3-BF4B-00C04F79EFBC}") = "Win.UI", "Win.UI\Win.UI.csproj", "{15F5E682-B1D4-4D73-835B-CFF3BCEFCBF5}"
EndProject
Global
	GlobalSection(SolutionConfigurationPlatforms) = preSolution
		Debug|Any CPU = Debug|Any CPU
		Release|Any CPU = Release|Any CPU
	EndGlobalSection
	GlobalSection(ProjectConfigurationPlatforms) = postSolution
		{DAB13840-F028-435E-B193-73107EE2B581}.Debug|Any CPU.ActiveCfg = Debug|Any CPU
		{DAB13840-F028-435E-B193-73107EE2B581}.Debug|Any CPU.Build.0 = Debug|Any CPU
		{DAB13840-F028-435E-B193-73107EE2B581}.Release|Any CPU.ActiveCfg = Release|Any CPU
		{DAB13840-F028-435E-B193-73107EE2B581}.Release|Any CPU.Build.0 = Release|Any CPU
		{44374DD3-3981-4A5D-8AC4-B7866FA9975E}.Debug|Any CPU.ActiveCfg = Debug|Any CPU
		{44374DD3-3981-4A5D-8AC4-B7866FA9975E}.Debug|Any CPU.Build.0 = Debug|Any CPU
		{44374DD3-3981-4A5D-8AC4-B7866FA9975E}.Release|Any CPU.ActiveCfg = Release|Any CPU
		{44374DD3-3981-4A5D-8AC4-B7866FA9975E}.Release|Any CPU.Build.0 = Release|Any CPU
		{B8E262C8-C4EB-4315-B007-0273C96380B6}.Debug|Any CPU.ActiveCfg = Debug|Any CPU
		{B8E262C8-C4EB-4315-B007-0273C96380B6}.Debug|Any CPU.Build.0 = Debug|Any CPU
		{B8E262C8-C4EB-4315-B007-0273C96380B6}.Release|Any CPU.ActiveCfg = Release|Any CPU
		{B8E262C8-C4EB-4315-B007-0273C96380B6}.Release|Any CPU.Build.0 = Release|Any CPU
		{B916B5AC-BFC8-4543-9099-429268FD9CDF}.Debug|Any CPU.ActiveCfg = Debug|Any CPU
		{B916B5AC-BFC8-4543-9099-429268FD9CDF}.Debug|Any CPU.Build.0 = Debug|Any CPU
		{B916B5AC-BFC8-4543-9099-429268FD9CDF}.Release|Any CPU.ActiveCfg = Release|Any CPU
		{B916B5AC-BFC8-4543-9099-429268FD9CDF}.Release|Any CPU.Build.0 = Release|Any CPU
		{11226681-1823-4FC7-AFE9-5AC236D317DA}.Debug|Any CPU.ActiveCfg = Debug|Any CPU
		{11226681-1823-4FC7-AFE9-5AC236D317DA}.Debug|Any CPU.Build.0 = Debug|Any CPU
		{11226681-1823-4FC7-AFE9-5AC236D317DA}.Release|Any CPU.ActiveCfg = Release|Any CPU
		{11226681-1823-4FC7-AFE9-5AC236D317DA}.Release|Any CPU.Build.0 = Release|Any CPU
		{15F5E682-B1D4-4D73-835B-CFF3BCEFCBF5}.Debug|Any CPU.ActiveCfg = Debug|Any CPU
		{15F5E682-B1D4-4D73-835B-CFF3BCEFCBF5}.Debug|Any CPU.Build.0 = Debug|Any CPU
		{15F5E682-B1D4-4D73-835B-CFF3BCEFCBF5}.Release|Any CPU.ActiveCfg = Release|Any CPU
		{15F5E682-B1D4-4D73-835B-CFF3BCEFCBF5}.Release|Any CPU.Build.0 = Release|Any CPU
	EndGlobalSection
	GlobalSection(SolutionProperties) = preSolution
		HideSolutionNode = FALSE
	EndGlobalSection
EndGlobal
